
Microsoft Visual Studio Solution File, Format Version 12.00
# Visual Studio Version 16
VisualStudioVersion = 16.0.30406.217
MinimumVisualStudioVersion = 10.0.40219.1
Project("{FAE04EC0-301F-11D3-BF4B-00C04F79EFBC}") = "CheckBox1", "CheckBox1.csproj", "{4C15A237-8741-4F2E-986A-C77D70C46C17}"
EndProject
Global
	GlobalSection(SolutionConfigurationPlatforms) = preSolution
		Debug|Any CPU = Debug|Any CPU
		Release|Any CPU = Release|Any CPU
	EndGlobalSection
	GlobalSection(ProjectConfigurationPlatforms) = postSolution
		{4C15A237-8741-4F2E-986A-C77D70C46C17}.Debug|Any CPU.ActiveCfg = Debug|Any CPU
		{4C15A237-8741-4F2E-986A-C77D70C46C17}.Debug|Any CPU.Build.0 = Debug|Any CPU
		{4C15A237-8741-4F2E-986A-C77D70C46C17}.Release|Any CPU.ActiveCfg = Release|Any CPU
		{4C15A237-8741-4F2E-986A-C77D70C46C17}.Release|Any CPU.Build.0 = Release|Any CPU
	EndGlobalSection
	GlobalSection(SolutionProperties) = preSolution
		HideSolutionNode = FALSE
	EndGlobalSection
	GlobalSection(ExtensibilityGlobals) = postSolution
		SolutionGuid = {F2934C4E-C76A-4397-9521-7B94A58B77F7}
	EndGlobalSection
EndGlobal
